// !$*UTF8*$!
{
	archiveVersion = 1;
	classes = {
	};
	objectVersion = 46;
	objects = {

/* Begin PBXBuildFile section */
		180CC55A19F1DBC9000456B1 /* main.m in Sources */ = {isa = PBXBuildFile; fileRef = 180CC55919F1DBC9000456B1 /* main.m */; };
		180CC55D19F1DBC9000456B1 /* AppDelegate.m in Sources */ = {isa = PBXBuildFile; fileRef = 180CC55C19F1DBC9000456B1 /* AppDelegate.m */; };
		180CC56019F1DBC9000456B1 /* FirstViewController.m in Sources */ = {isa = PBXBuildFile; fileRef = 180CC55F19F1DBC9000456B1 /* FirstViewController.m */; };
		180CC56319F1DBC9000456B1 /* SecondViewController.m in Sources */ = {isa = PBXBuildFile; fileRef = 180CC56219F1DBC9000456B1 /* SecondViewController.m */; };
		180CC56619F1DBC9000456B1 /* Main.storyboard in Resources */ = {isa = PBXBuildFile; fileRef = 180CC56419F1DBC9000456B1 /* Main.storyboard */; };
		180CC56819F1DBC9000456B1 /* Images.xcassets in Resources */ = {isa = PBXBuildFile; fileRef = 180CC56719F1DBC9000456B1 /* Images.xcassets */; };
		180CC56B19F1DBC9000456B1 /* LaunchScreen.xib in Resources */ = {isa = PBXBuildFile; fileRef = 180CC56919F1DBC9000456B1 /* LaunchScreen.xib */; };
		180CC57719F1DBC9000456B1 /* TwiboTests.m in Sources */ = {isa = PBXBuildFile; fileRef = 180CC57619F1DBC9000456B1 /* TwiboTests.m */; };
/* End PBXBuildFile section */

/* Begin PBXContainerItemProxy section */
		180CC57119F1DBC9000456B1 /* PBXContainerItemProxy */ = {
			isa = PBXContainerItemProxy;
			containerPortal = 180CC54C19F1DBC9000456B1 /* Project object */;
			proxyType = 1;
			remoteGlobalIDString = 180CC55319F1DBC9000456B1;
			remoteInfo = Twibo;
		};
/* End PBXContainerItemProxy section */

/* Begin PBXFileReference section */
		180CC55419F1DBC9000456B1 /* Twibo.app */ = {isa = PBXFileReference; explicitFileType = wrapper.application; includeInIndex = 0; path = Twibo.app; sourceTree = BUILT_PRODUCTS_DIR; };
		180CC55819F1DBC9000456B1 /* Info.plist */ = {isa = PBXFileReference; lastKnownFileType = text.plist.xml; path = Info.plist; sourceTree = "<group>"; };
		180CC55919F1DBC9000456B1 /* main.m */ = {isa = PBXFileReference; lastKnownFileType = sourcecode.c.objc; path = main.m; sourceTree = "<group>"; };
		180CC55B19F1DBC9000456B1 /* AppDelegate.h */ = {isa = PBXFileReference; lastKnownFileType = sourcecode.c.h; path = AppDelegate.h; sourceTree = "<group>"; };
		180CC55C19F1DBC9000456B1 /* AppDelegate.m */ = {isa = PBXFileReference; lastKnownFileType = sourcecode.c.objc; path = AppDelegate.m; sourceTree = "<group>"; };
		180CC55E19F1DBC9000456B1 /* FirstViewController.h */ = {isa = PBXFileReference; lastKnownFileType = sourcecode.c.h; path = FirstViewController.h; sourceTree = "<group>"; };
		180CC55F19F1DBC9000456B1 /* FirstViewController.m */ = {isa = PBXFileReference; lastKnownFileType = sourcecode.c.objc; path = FirstViewController.m; sourceTree = "<group>"; };
		180CC56119F1DBC9000456B1 /* SecondViewController.h */ = {isa = PBXFileReference; lastKnownFileType = sourcecode.c.h; path = SecondViewController.h; sourceTree = "<group>"; };
		180CC56219F1DBC9000456B1 /* SecondViewController.m */ = {isa = PBXFileReference; lastKnownFileType = sourcecode.c.objc; path = SecondViewController.m; sourceTree = "<group>"; };
		180CC56519F1DBC9000456B1 /* Base */ = {isa = PBXFileReference; lastKnownFileType = file.storyboard; name = Base; path = Base.lproj/Main.storyboard; sourceTree = "<group>"; };
		180CC56719F1DBC9000456B1 /* Images.xcassets */ = {isa = PBXFileReference; lastKnownFileType = folder.assetcatalog; path = Images.xcassets; sourceTree = "<group>"; };
		180CC56A19F1DBC9000456B1 /* Base */ = {isa = PBXFileReference; lastKnownFileType = file.xib; name = Base; path = Base.lproj/LaunchScreen.xib; sourceTree = "<group>"; };
		180CC57019F1DBC9000456B1 /* TwiboTests.xctest */ = {isa = PBXFileReference; explicitFileType = wrapper.cfbundle; includeInIndex = 0; path = TwiboTests.xctest; sourceTree = BUILT_PRODUCTS_DIR; };
		180CC57519F1DBC9000456B1 /* Info.plist */ = {isa = PBXFileReference; lastKnownFileType = text.plist.xml; path = Info.plist; sourceTree = "<group>"; };
		180CC57619F1DBC9000456B1 /* TwiboTests.m */ = {isa = PBXFileReference; lastKnownFileType = sourcecode.c.objc; path = TwiboTests.m; sourceTree = "<group>"; };
/* End PBXFileReference section */

/* Begin PBXFrameworksBuildPhase section */
		180CC55119F1DBC9000456B1 /* Frameworks */ = {
			isa = PBXFrameworksBuildPhase;
			buildActionMask = 2147483647;
			files = (
			);
			runOnlyForDeploymentPostprocessing = 0;
		};
		180CC56D19F1DBC9000456B1 /* Frameworks */ = {
			isa = PBXFrameworksBuildPhase;
			buildActionMask = 2147483647;
			files = (
			);
			runOnlyForDeploymentPostprocessing = 0;
		};
/* End PBXFrameworksBuildPhase section */

/* Begin PBXGroup section */
		180CC54B19F1DBC9000456B1 = {
			isa = PBXGroup;
			children = (
				180CC55619F1DBC9000456B1 /* Twibo */,
				180CC57319F1DBC9000456B1 /* TwiboTests */,
				180CC55519F1DBC9000456B1 /* Products */,
			);
			sourceTree = "<group>";
		};
		180CC55519F1DBC9000456B1 /* Products */ = {
			isa = PBXGroup;
			children = (
				180CC55419F1DBC9000456B1 /* Twibo.app */,
				180CC57019F1DBC9000456B1 /* TwiboTests.xctest */,
			);
			name = Products;
			sourceTree = "<group>";
		};
		180CC55619F1DBC9000456B1 /* Twibo */ = {
			isa = PBXGroup;
			children = (
				180CC55B19F1DBC9000456B1 /* AppDelegate.h */,
				180CC55C19F1DBC9000456B1 /* AppDelegate.m */,
				180CC55E19F1DBC9000456B1 /* FirstViewController.h */,
				180CC55F19F1DBC9000456B1 /* FirstViewController.m */,
				180CC56119F1DBC9000456B1 /* SecondViewController.h */,
				180CC56219F1DBC9000456B1 /* SecondViewController.m */,
				180CC56419F1DBC9000456B1 /* Main.storyboard */,
				180CC56719F1DBC9000456B1 /* Images.xcassets */,
				180CC56919F1DBC9000456B1 /* LaunchScreen.xib */,
				180CC55719F1DBC9000456B1 /* Supporting Files */,
			);
			path = Twibo;
			sourceTree = "<group>";
		};
		180CC55719F1DBC9000456B1 /* Supporting Files */ = {
			isa = PBXGroup;
			children = (
				180CC55819F1DBC9000456B1 /* Info.plist */,
				180CC55919F1DBC9000456B1 /* main.m */,
			);
			name = "Supporting Files";
			sourceTree = "<group>";
		};
		180CC57319F1DBC9000456B1 /* TwiboTests */ = {
			isa = PBXGroup;
			children = (
				180CC57619F1DBC9000456B1 /* TwiboTests.m */,
				180CC57419F1DBC9000456B1 /* Supporting Files */,
			);
			path = TwiboTests;
			sourceTree = "<group>";
		};
		180CC57419F1DBC9000456B1 /* Supporting Files */ = {
			isa = PBXGroup;
			children = (
				180CC57519F1DBC9000456B1 /* Info.plist */,
			);
			name = "Supporting Files";
			sourceTree = "<group>";
		};
/* End PBXGroup section */

/* Begin PBXNativeTarget section */
		180CC55319F1DBC9000456B1 /* Twibo */ = {
			isa = PBXNativeTarget;
			buildConfigurationList = 180CC57A19F1DBC9000456B1 /* Build configuration list for PBXNativeTarget "Twibo" */;
			buildPhases = (
				180CC55019F1DBC9000456B1 /* Sources */,
				180CC55119F1DBC9000456B1 /* Frameworks */,
				180CC55219F1DBC9000456B1 /* Resources */,
			);
			buildRules = (
			);
			dependencies = (
			);
			name = Twibo;
			productName = Twibo;
			productReference = 180CC55419F1DBC9000456B1 /* Twibo.app */;
			productType = "com.apple.product-type.application";
		};
		180CC56F19F1DBC9000456B1 /* TwiboTests */ = {
			isa = PBXNativeTarget;
			buildConfigurationList = 180CC57D19F1DBC9000456B1 /* Build configuration list for PBXNativeTarget "TwiboTests" */;
			buildPhases = (
				180CC56C19F1DBC9000456B1 /* Sources */,
				180CC56D19F1DBC9000456B1 /* Frameworks */,
				180CC56E19F1DBC9000456B1 /* Resources */,
			);
			buildRules = (
			);
			dependencies = (
				180CC57219F1DBC9000456B1 /* PBXTargetDependency */,
			);
			name = TwiboTests;
			productName = TwiboTests;
			productReference = 180CC57019F1DBC9000456B1 /* TwiboTests.xctest */;
			productType = "com.apple.product-type.bundle.unit-test";
		};
/* End PBXNativeTarget section */

/* Begin PBXProject section */
		180CC54C19F1DBC9000456B1 /* Project object */ = {
			isa = PBXProject;
			attributes = {
				LastUpgradeCheck = 0600;
				ORGANIZATIONNAME = rexlei;
				TargetAttributes = {
					180CC55319F1DBC9000456B1 = {
						CreatedOnToolsVersion = 6.0.1;
					};
					180CC56F19F1DBC9000456B1 = {
						CreatedOnToolsVersion = 6.0.1;
						TestTargetID = 180CC55319F1DBC9000456B1;
					};
				};
			};
			buildConfigurationList = 180CC54F19F1DBC9000456B1 /* Build configuration list for PBXProject "Twibo" */;
			compatibilityVersion = "Xcode 3.2";
			developmentRegion = English;
			hasScannedForEncodings = 0;
			knownRegions = (
				en,
				Base,
			);
			mainGroup = 180CC54B19F1DBC9000456B1;
			productRefGroup = 180CC55519F1DBC9000456B1 /* Products */;
			projectDirPath = "";
			projectRoot = "";
			targets = (
				180CC55319F1DBC9000456B1 /* Twibo */,
				180CC56F19F1DBC9000456B1 /* TwiboTests */,
			);
		};
/* End PBXProject section */

/* Begin PBXResourcesBuildPhase section */
		180CC55219F1DBC9000456B1 /* Resources */ = {
			isa = PBXResourcesBuildPhase;
			buildActionMask = 2147483647;
			files = (
				180CC56619F1DBC9000456B1 /* Main.storyboard in Resources */,
				180CC56B19F1DBC9000456B1 /* LaunchScreen.xib in Resources */,
				180CC56819F1DBC9000456B1 /* Images.xcassets in Resources */,
			);
			runOnlyForDeploymentPostprocessing = 0;
		};
		180CC56E19F1DBC9000456B1 /* Resources */ = {
			isa = PBXResourcesBuildPhase;
			buildActionMask = 2147483647;
			files = (
			);
			runOnlyForDeploymentPostprocessing = 0;
		};
/* End PBXResourcesBuildPhase section */

/* Begin PBXSourcesBuildPhase section */
		180CC55019F1DBC9000456B1 /* Sources */ = {
			isa = PBXSourcesBuildPhase;
			buildActionMask = 2147483647;
			files = (
				180CC56319F1DBC9000456B1 /* SecondViewController.m in Sources */,
				180CC55D19F1DBC9000456B1 /* AppDelegate.m in Sources */,
				180CC56019F1DBC9000456B1 /* FirstViewController.m in Sources */,
				180CC55A19F1DBC9000456B1 /* main.m in Sources */,
			);
			runOnlyForDeploymentPostprocessing = 0;
		};
		180CC56C19F1DBC9000456B1 /* Sources */ = {
			isa = PBXSourcesBuildPhase;
			buildActionMask = 2147483647;
			files = (
				180CC57719F1DBC9000456B1 /* TwiboTests.m in Sources */,
			);
			runOnlyForDeploymentPostprocessing = 0;
		};
/* End PBXSourcesBuildPhase section */

/* Begin PBXTargetDependency section */
		180CC57219F1DBC9000456B1 /* PBXTargetDependency */ = {
			isa = PBXTargetDependency;
			target = 180CC55319F1DBC9000456B1 /* Twibo */;
			targetProxy = 180CC57119F1DBC9000456B1 /* PBXContainerItemProxy */;
		};
/* End PBXTargetDependency section */

/* Begin PBXVariantGroup section */
		180CC56419F1DBC9000456B1 /* Main.storyboard */ = {
			isa = PBXVariantGroup;
			children = (
				180CC56519F1DBC9000456B1 /* Base */,
			);
			name = Main.storyboard;
			sourceTree = "<group>";
		};
		180CC56919F1DBC9000456B1 /* LaunchScreen.xib */ = {
			isa = PBXVariantGroup;
			children = (
				180CC56A19F1DBC9000456B1 /* Base */,
			);
			name = LaunchScreen.xib;
			sourceTree = "<group>";
		};
/* End PBXVariantGroup section */

/* Begin XCBuildConfiguration section */
		180CC57819F1DBC9000456B1 /* Debug */ = {
			isa = XCBuildConfiguration;
			buildSettings = {
				ALWAYS_SEARCH_USER_PATHS = NO;
				CLANG_CXX_LANGUAGE_STANDARD = "gnu++0x";
				CLANG_CXX_LIBRARY = "libc++";
				CLANG_ENABLE_MODULES = YES;
				CLANG_ENABLE_OBJC_ARC = YES;
				CLANG_WARN_BOOL_CONVERSION = YES;
				CLANG_WARN_CONSTANT_CONVERSION = YES;
				CLANG_WARN_DIRECT_OBJC_ISA_USAGE = YES_ERROR;
				CLANG_WARN_EMPTY_BODY = YES;
				CLANG_WARN_ENUM_CONVERSION = YES;
				CLANG_WARN_INT_CONVERSION = YES;
				CLANG_WARN_OBJC_ROOT_CLASS = YES_ERROR;
				CLANG_WARN_UNREACHABLE_CODE = YES;
				CLANG_WARN__DUPLICATE_METHOD_MATCH = YES;
				"CODE_SIGN_IDENTITY[sdk=iphoneos*]" = "iPhone Developer";
				COPY_PHASE_STRIP = NO;
				ENABLE_STRICT_OBJC_MSGSEND = YES;
				GCC_C_LANGUAGE_STANDARD = gnu99;
				GCC_DYNAMIC_NO_PIC = NO;
				GCC_OPTIMIZATION_LEVEL = 0;
				GCC_PREPROCESSOR_DEFINITIONS = (
					"DEBUG=1",
					"$(inherited)",
				);
				GCC_SYMBOLS_PRIVATE_EXTERN = NO;
				GCC_WARN_64_TO_32_BIT_CONVERSION = YES;
				GCC_WARN_ABOUT_RETURN_TYPE = YES_ERROR;
				GCC_WARN_UNDECLARED_SELECTOR = YES;
				GCC_WARN_UNINITIALIZED_AUTOS = YES_AGGRESSIVE;
				GCC_WARN_UNUSED_FUNCTION = YES;
				GCC_WARN_UNUSED_VARIABLE = YES;
				IPHONEOS_DEPLOYMENT_TARGET = 8.0;
				MTL_ENABLE_DEBUG_INFO = YES;
				ONLY_ACTIVE_ARCH = YES;
				SDKROOT = iphoneos;
			};
			name = Debug;
		};
		180CC57919F1DBC9000456B1 /* Release */ = {
			isa = XCBuildConfiguration;
			buildSettings = {
				ALWAYS_SEARCH_USER_PATHS = NO;
				CLANG_CXX_LANGUAGE_STANDARD = "gnu++0x";
				CLANG_CXX_LIBRARY = "libc++";
				CLANG_ENABLE_MODULES = YES;
				CLANG_ENABLE_OBJC_ARC = YES;
				CLANG_WARN_BOOL_CONVERSION = YES;
				CLANG_WARN_CONSTANT_CONVERSION = YES;
				CLANG_WARN_DIRECT_OBJC_ISA_USAGE = YES_ERROR;
				CLANG_WARN_EMPTY_BODY = YES;
				CLANG_WARN_ENUM_CONVERSION = YES;
				CLANG_WARN_INT_CONVERSION = YES;
				CLANG_WARN_OBJC_ROOT_CLASS = YES_ERROR;
				CLANG_WARN_UNREACHABLE_CODE = YES;
				CLANG_WARN__DUPLICATE_METHOD_MATCH = YES;
				"CODE_SIGN_IDENTITY[sdk=iphoneos*]" = "iPhone Developer";
				COPY_PHASE_STRIP = YES;
				ENABLE_NS_ASSERTIONS = NO;
				ENABLE_STRICT_OBJC_MSGSEND = YES;
				GCC_C_LANGUAGE_STANDARD = gnu99;
				GCC_WARN_64_TO_32_BIT_CONVERSION = YES;
				GCC_WARN_ABOUT_RETURN_TYPE = YES_ERROR;
				GCC_WARN_UNDECLARED_SELECTOR = YES;
				GCC_WARN_UNINITIALIZED_AUTOS = YES_AGGRESSIVE;
				GCC_WARN_UNUSED_FUNCTION = YES;
				GCC_WARN_UNUSED_VARIABLE = YES;
				IPHONEOS_DEPLOYMENT_TARGET = 8.0;
				MTL_ENABLE_DEBUG_INFO = NO;
				SDKROOT = iphoneos;
				VALIDATE_PRODUCT = YES;
			};
			name = Release;
		};
		180CC57B19F1DBC9000456B1 /* Debug */ = {
			isa = XCBuildConfiguration;
			buildSettings = {
				ASSETCATALOG_COMPILER_APPICON_NAME = AppIcon;
				INFOPLIST_FILE = Twibo/Info.plist;
				LD_RUNPATH_SEARCH_PATHS = "$(inherited) @executable_path/Frameworks";
				PRODUCT_NAME = "$(TARGET_NAME)";
			};
			name = Debug;
		};
		180CC57C19F1DBC9000456B1 /* Release */ = {
			isa = XCBuildConfiguration;
			buildSettings = {
				ASSETCATALOG_COMPILER_APPICON_NAME = AppIcon;
				INFOPLIST_FILE = Twibo/Info.plist;
				LD_RUNPATH_SEARCH_PATHS = "$(inherited) @executable_path/Frameworks";
				PRODUCT_NAME = "$(TARGET_NAME)";
			};
			name = Release;
		};
		180CC57E19F1DBC9000456B1 /* Debug */ = {
			isa = XCBuildConfiguration;
			buildSettings = {
				BUNDLE_LOADER = "$(TEST_HOST)";
				FRAMEWORK_SEARCH_PATHS = (
					"$(SDKROOT)/Developer/Library/Frameworks",
					"$(inherited)",
				);
				GCC_PREPROCESSOR_DEFINITIONS = (
					"DEBUG=1",
					"$(inherited)",
				);
				INFOPLIST_FILE = TwiboTests/Info.plist;
				LD_RUNPATH_SEARCH_PATHS = "$(inherited) @executable_path/Frameworks @loader_path/Frameworks";
				PRODUCT_NAME = "$(TARGET_NAME)";
				TEST_HOST = "$(BUILT_PRODUCTS_DIR)/Twibo.app/Twibo";
			};
			name = Debug;
		};
		180CC57F19F1DBC9000456B1 /* Release */ = {
			isa = XCBuildConfiguration;
			buildSettings = {
				BUNDLE_LOADER = "$(TEST_HOST)";
				FRAMEWORK_SEARCH_PATHS = (
					"$(SDKROOT)/Developer/Library/Frameworks",
					"$(inherited)",
				);
				INFOPLIST_FILE = TwiboTests/Info.plist;
				LD_RUNPATH_SEARCH_PATHS = "$(inherited) @executable_path/Frameworks @loader_path/Frameworks";
				PRODUCT_NAME = "$(TARGET_NAME)";
				TEST_HOST = "$(BUILT_PRODUCTS_DIR)/Twibo.app/Twibo";
			};
			name = Release;
		};
/* End XCBuildConfiguration section */

/* Begin XCConfigurationList section */
		180CC54F19F1DBC9000456B1 /* Build configuration list for PBXProject "Twibo" */ = {
			isa = XCConfigurationList;
			buildConfigurations = (
				180CC57819F1DBC9000456B1 /* Debug */,
				180CC57919F1DBC9000456B1 /* Release */,
			);
			defaultConfigurationIsVisible = 0;
			defaultConfigurationName = Release;
		};
		180CC57A19F1DBC9000456B1 /* Build configuration list for PBXNativeTarget "Twibo" */ = {
			isa = XCConfigurationList;
			buildConfigurations = (
				180CC57B19F1DBC9000456B1 /* Debug */,
				180CC57C19F1DBC9000456B1 /* Release */,
			);
			defaultConfigurationIsVisible = 0;
		};
		180CC57D19F1DBC9000456B1 /* Build configuration list for PBXNativeTarget "TwiboTests" */ = {
			isa = XCConfigurationList;
			buildConfigurations = (
				180CC57E19F1DBC9000456B1 /* Debug */,
				180CC57F19F1DBC9000456B1 /* Release */,
			);
			defaultConfigurationIsVisible = 0;
		};
/* End XCConfigurationList section */
	};
	rootObject = 180CC54C19F1DBC9000456B1 /* Project object */;
}
